
Microsoft Visual Studio Solution File, Format Version 12.00
# Visual Studio Version 17
VisualStudioVersion = 17.0.31717.71
MinimumVisualStudioVersion = 10.0.40219.1
Project("{9A19103F-16F7-4668-BE54-9A1E7A4F7556}") = "EasyTestFile", "src\EasyTestFile\EasyTestFile.csproj", "{97537E1D-C80B-4EC2-ABED-2C90507498B7}"
EndProject
Project("{2150E333-8FDC-42A3-9474-1A3956D46DE8}") = "src", "src", "{FA1F5DF0-A7AC-4E68-B875-E7F1D71329B6}"
	ProjectSection(SolutionItems) = preProject
		src\Directory.Build.props = src\Directory.Build.props
		src\Directory.Build.targets = src\Directory.Build.targets
	EndProjectSection
EndProject
Project("{2150E333-8FDC-42A3-9474-1A3956D46DE8}") = "tests", "tests", "{3A849D71-FEE8-4494-A8A6-C303AAB18A42}"
	ProjectSection(SolutionItems) = preProject
		tests\Directory.Build.props = tests\Directory.Build.props
		tests\Directory.Build.targets = tests\Directory.Build.targets
	EndProjectSection
EndProject
Project("{2150E333-8FDC-42A3-9474-1A3956D46DE8}") = "Solution Items", "Solution Items", "{7F514257-78A1-47F0-B75C-B9832A5496FA}"
	ProjectSection(SolutionItems) = preProject
		.editorconfig = .editorconfig
		version.json = version.json
	EndProjectSection
EndProject
Project("{9A19103F-16F7-4668-BE54-9A1E7A4F7556}") = "EasyTestFile.Xunit", "src\EasyTestFile.Xunit\EasyTestFile.Xunit.csproj", "{9B9AE90F-848D-4F66-87FE-83F755BEDFB4}"
EndProject
Project("{9A19103F-16F7-4668-BE54-9A1E7A4F7556}") = "EasyTestFile.Nunit", "src\EasyTestFile.Nunit\EasyTestFile.Nunit.csproj", "{AB970E3C-ED2B-4716-8F1A-E885B489191D}"
EndProject
Project("{9A19103F-16F7-4668-BE54-9A1E7A4F7556}") = "EasyTestFile.Xunit.Tests", "tests\EasyTestFile.Xunit.Tests\EasyTestFile.Xunit.Tests.csproj", "{31409D2D-1A1A-416A-ABD2-466D8F82212D}"
EndProject
Project("{9A19103F-16F7-4668-BE54-9A1E7A4F7556}") = "EasyTestFile.Nunit.Tests", "tests\EasyTestFile.Nunit.Tests\EasyTestFile.Nunit.Tests.csproj", "{534F4B31-7B90-4D6A-8C4D-4D2B5D1ACE63}"
EndProject
Project("{9A19103F-16F7-4668-BE54-9A1E7A4F7556}") = "EasyTestFile.Json", "src\EasyTestFile.Json\EasyTestFile.Json.csproj", "{10B5E000-BA89-40B2-96C6-3628AF08F089}"
EndProject
Project("{9A19103F-16F7-4668-BE54-9A1E7A4F7556}") = "EasyTestFile.Xunit.Resources", "tests\EasyTestFile.Xunit.Resources\EasyTestFile.Xunit.Resources.csproj", "{82529167-644B-4BAF-9105-3132F7FE8CE4}"
EndProject
Project("{9A19103F-16F7-4668-BE54-9A1E7A4F7556}") = "EasyTestFile.Tests", "tests\EasyTestFile.Tests\EasyTestFile.Tests.csproj", "{1C89726B-517D-40AC-A2C2-7BB1DC477EE7}"
EndProject
Global
	GlobalSection(SolutionConfigurationPlatforms) = preSolution
		Debug|Any CPU = Debug|Any CPU
		Release|Any CPU = Release|Any CPU
	EndGlobalSection
	GlobalSection(ProjectConfigurationPlatforms) = postSolution
		{97537E1D-C80B-4EC2-ABED-2C90507498B7}.Debug|Any CPU.ActiveCfg = Debug|Any CPU
		{97537E1D-C80B-4EC2-ABED-2C90507498B7}.Debug|Any CPU.Build.0 = Debug|Any CPU
		{97537E1D-C80B-4EC2-ABED-2C90507498B7}.Release|Any CPU.ActiveCfg = Release|Any CPU
		{97537E1D-C80B-4EC2-ABED-2C90507498B7}.Release|Any CPU.Build.0 = Release|Any CPU
		{9B9AE90F-848D-4F66-87FE-83F755BEDFB4}.Debug|Any CPU.ActiveCfg = Debug|Any CPU
		{9B9AE90F-848D-4F66-87FE-83F755BEDFB4}.Debug|Any CPU.Build.0 = Debug|Any CPU
		{9B9AE90F-848D-4F66-87FE-83F755BEDFB4}.Release|Any CPU.ActiveCfg = Release|Any CPU
		{9B9AE90F-848D-4F66-87FE-83F755BEDFB4}.Release|Any CPU.Build.0 = Release|Any CPU
		{AB970E3C-ED2B-4716-8F1A-E885B489191D}.Debug|Any CPU.ActiveCfg = Debug|Any CPU
		{AB970E3C-ED2B-4716-8F1A-E885B489191D}.Debug|Any CPU.Build.0 = Debug|Any CPU
		{AB970E3C-ED2B-4716-8F1A-E885B489191D}.Release|Any CPU.ActiveCfg = Release|Any CPU
		{AB970E3C-ED2B-4716-8F1A-E885B489191D}.Release|Any CPU.Build.0 = Release|Any CPU
		{31409D2D-1A1A-416A-ABD2-466D8F82212D}.Debug|Any CPU.ActiveCfg = Debug|Any CPU
		{31409D2D-1A1A-416A-ABD2-466D8F82212D}.Debug|Any CPU.Build.0 = Debug|Any CPU
		{31409D2D-1A1A-416A-ABD2-466D8F82212D}.Release|Any CPU.ActiveCfg = Release|Any CPU
		{31409D2D-1A1A-416A-ABD2-466D8F82212D}.Release|Any CPU.Build.0 = Release|Any CPU
		{534F4B31-7B90-4D6A-8C4D-4D2B5D1ACE63}.Debug|Any CPU.ActiveCfg = Debug|Any CPU
		{534F4B31-7B90-4D6A-8C4D-4D2B5D1ACE63}.Debug|Any CPU.Build.0 = Debug|Any CPU
		{534F4B31-7B90-4D6A-8C4D-4D2B5D1ACE63}.Release|Any CPU.ActiveCfg = Release|Any CPU
		{534F4B31-7B90-4D6A-8C4D-4D2B5D1ACE63}.Release|Any CPU.Build.0 = Release|Any CPU
		{10B5E000-BA89-40B2-96C6-3628AF08F089}.Debug|Any CPU.ActiveCfg = Debug|Any CPU
		{10B5E000-BA89-40B2-96C6-3628AF08F089}.Debug|Any CPU.Build.0 = Debug|Any CPU
		{10B5E000-BA89-40B2-96C6-3628AF08F089}.Release|Any CPU.ActiveCfg = Release|Any CPU
		{10B5E000-BA89-40B2-96C6-3628AF08F089}.Release|Any CPU.Build.0 = Release|Any CPU
		{82529167-644B-4BAF-9105-3132F7FE8CE4}.Debug|Any CPU.ActiveCfg = Debug|Any CPU
		{82529167-644B-4BAF-9105-3132F7FE8CE4}.Debug|Any CPU.Build.0 = Debug|Any CPU
		{82529167-644B-4BAF-9105-3132F7FE8CE4}.Release|Any CPU.ActiveCfg = Release|Any CPU
		{82529167-644B-4BAF-9105-3132F7FE8CE4}.Release|Any CPU.Build.0 = Release|Any CPU
		{1C89726B-517D-40AC-A2C2-7BB1DC477EE7}.Debug|Any CPU.ActiveCfg = Debug|Any CPU
		{1C89726B-517D-40AC-A2C2-7BB1DC477EE7}.Debug|Any CPU.Build.0 = Debug|Any CPU
		{1C89726B-517D-40AC-A2C2-7BB1DC477EE7}.Release|Any CPU.ActiveCfg = Release|Any CPU
		{1C89726B-517D-40AC-A2C2-7BB1DC477EE7}.Release|Any CPU.Build.0 = Release|Any CPU
	EndGlobalSection
	GlobalSection(SolutionProperties) = preSolution
		HideSolutionNode = FALSE
	EndGlobalSection
	GlobalSection(NestedProjects) = preSolution
		{97537E1D-C80B-4EC2-ABED-2C90507498B7} = {FA1F5DF0-A7AC-4E68-B875-E7F1D71329B6}
		{9B9AE90F-848D-4F66-87FE-83F755BEDFB4} = {FA1F5DF0-A7AC-4E68-B875-E7F1D71329B6}
		{AB970E3C-ED2B-4716-8F1A-E885B489191D} = {FA1F5DF0-A7AC-4E68-B875-E7F1D71329B6}
		{31409D2D-1A1A-416A-ABD2-466D8F82212D} = {3A849D71-FEE8-4494-A8A6-C303AAB18A42}
		{534F4B31-7B90-4D6A-8C4D-4D2B5D1ACE63} = {3A849D71-FEE8-4494-A8A6-C303AAB18A42}
		{10B5E000-BA89-40B2-96C6-3628AF08F089} = {FA1F5DF0-A7AC-4E68-B875-E7F1D71329B6}
		{82529167-644B-4BAF-9105-3132F7FE8CE4} = {3A849D71-FEE8-4494-A8A6-C303AAB18A42}
		{1C89726B-517D-40AC-A2C2-7BB1DC477EE7} = {3A849D71-FEE8-4494-A8A6-C303AAB18A42}
	EndGlobalSection
	GlobalSection(ExtensibilityGlobals) = postSolution
		SolutionGuid = {E0B06F3E-E0CF-486F-9251-DB617317FE44}
	EndGlobalSection
EndGlobal
